// !$*UTF8*$!
{
	archiveVersion = 1;
	classes = {
	};
	objectVersion = 51;
	objects = {

/* Begin PBXBuildFile section */
		BABDA259244ED7B4002BC251 /* AppDelegate.swift in Sources */ = {isa = PBXBuildFile; fileRef = BABDA258244ED7B4002BC251 /* AppDelegate.swift */; };
		BABDA25B244ED7B4002BC251 /* SceneDelegate.swift in Sources */ = {isa = PBXBuildFile; fileRef = BABDA25A244ED7B4002BC251 /* SceneDelegate.swift */; };
		BABDA260244ED7B4002BC251 /* Main.storyboard in Resources */ = {isa = PBXBuildFile; fileRef = BABDA25E244ED7B4002BC251 /* Main.storyboard */; };
		BABDA263244ED7B4002BC251 /* SmartBillManager.xcdatamodeld in Sources */ = {isa = PBXBuildFile; fileRef = BABDA261244ED7B4002BC251 /* SmartBillManager.xcdatamodeld */; };
		BABDA265244ED7B8002BC251 /* Assets.xcassets in Resources */ = {isa = PBXBuildFile; fileRef = BABDA264244ED7B8002BC251 /* Assets.xcassets */; };
		BABDA268244ED7B8002BC251 /* LaunchScreen.storyboard in Resources */ = {isa = PBXBuildFile; fileRef = BABDA266244ED7B8002BC251 /* LaunchScreen.storyboard */; };
		BABDA2722450018C002BC251 /* LoginViewController.swift in Sources */ = {isa = PBXBuildFile; fileRef = BABDA2712450018C002BC251 /* LoginViewController.swift */; };
		BABDA274245001A0002BC251 /* RegisterViewController.swift in Sources */ = {isa = PBXBuildFile; fileRef = BABDA273245001A0002BC251 /* RegisterViewController.swift */; };
		BABDA2782450024F002BC251 /* ForgetPassScreenViewController.swift in Sources */ = {isa = PBXBuildFile; fileRef = BABDA2772450024F002BC251 /* ForgetPassScreenViewController.swift */; };
		BABDA27A24503ED8002BC251 /* CustomTabBarViewController.swift in Sources */ = {isa = PBXBuildFile; fileRef = BABDA27924503ED8002BC251 /* CustomTabBarViewController.swift */; };
		BABDA27C24503F5E002BC251 /* HomeViewController.swift in Sources */ = {isa = PBXBuildFile; fileRef = BABDA27B24503F5E002BC251 /* HomeViewController.swift */; };
		BABDA27E24505EE0002BC251 /* ExpenseViewController.swift in Sources */ = {isa = PBXBuildFile; fileRef = BABDA27D24505EE0002BC251 /* ExpenseViewController.swift */; };
		BABDA28024505EEF002BC251 /* AboutViewController.swift in Sources */ = {isa = PBXBuildFile; fileRef = BABDA27F24505EEF002BC251 /* AboutViewController.swift */; };
		BABDA282245068E5002BC251 /* BillCatCollectionViewCell.swift in Sources */ = {isa = PBXBuildFile; fileRef = BABDA281245068E5002BC251 /* BillCatCollectionViewCell.swift */; };
		BABDA284245198DA002BC251 /* GoogleService-Info.plist in Resources */ = {isa = PBXBuildFile; fileRef = BABDA283245198DA002BC251 /* GoogleService-Info.plist */; };
		BABDA2862451A8B5002BC251 /* Constants.swift in Sources */ = {isa = PBXBuildFile; fileRef = BABDA2852451A8B5002BC251 /* Constants.swift */; };
		BABDA28D2461B7C6002BC251 /* User.swift in Sources */ = {isa = PBXBuildFile; fileRef = BABDA28C2461B7C6002BC251 /* User.swift */; };
		C31C1FE92953F355551EA6F9 /* Pods_SmartBillManager.framework in Frameworks */ = {isa = PBXBuildFile; fileRef = A9680067DFB15034A250E11A /* Pods_SmartBillManager.framework */; };
/* End PBXBuildFile section */

/* Begin PBXFileReference section */
		32E7B2CDAFC18BAB4D9481CD /* Pods-SmartBillManager.debug.xcconfig */ = {isa = PBXFileReference; includeInIndex = 1; lastKnownFileType = text.xcconfig; name = "Pods-SmartBillManager.debug.xcconfig"; path = "Target Support Files/Pods-SmartBillManager/Pods-SmartBillManager.debug.xcconfig"; sourceTree = "<group>"; };
		A9680067DFB15034A250E11A /* Pods_SmartBillManager.framework */ = {isa = PBXFileReference; explicitFileType = wrapper.framework; includeInIndex = 0; path = Pods_SmartBillManager.framework; sourceTree = BUILT_PRODUCTS_DIR; };
		BABDA255244ED7B4002BC251 /* SmartBillManager.app */ = {isa = PBXFileReference; explicitFileType = wrapper.application; includeInIndex = 0; path = SmartBillManager.app; sourceTree = BUILT_PRODUCTS_DIR; };
		BABDA258244ED7B4002BC251 /* AppDelegate.swift */ = {isa = PBXFileReference; lastKnownFileType = sourcecode.swift; path = AppDelegate.swift; sourceTree = "<group>"; };
		BABDA25A244ED7B4002BC251 /* SceneDelegate.swift */ = {isa = PBXFileReference; lastKnownFileType = sourcecode.swift; path = SceneDelegate.swift; sourceTree = "<group>"; };
		BABDA25F244ED7B4002BC251 /* Base */ = {isa = PBXFileReference; lastKnownFileType = file.storyboard; name = Base; path = Base.lproj/Main.storyboard; sourceTree = "<group>"; };
		BABDA262244ED7B4002BC251 /* SmartBillManager.xcdatamodel */ = {isa = PBXFileReference; lastKnownFileType = wrapper.xcdatamodel; path = SmartBillManager.xcdatamodel; sourceTree = "<group>"; };
		BABDA264244ED7B8002BC251 /* Assets.xcassets */ = {isa = PBXFileReference; lastKnownFileType = folder.assetcatalog; path = Assets.xcassets; sourceTree = "<group>"; };
		BABDA267244ED7B8002BC251 /* Base */ = {isa = PBXFileReference; lastKnownFileType = file.storyboard; name = Base; path = Base.lproj/LaunchScreen.storyboard; sourceTree = "<group>"; };
		BABDA269244ED7B8002BC251 /* Info.plist */ = {isa = PBXFileReference; lastKnownFileType = text.plist.xml; path = Info.plist; sourceTree = "<group>"; };
		BABDA2712450018C002BC251 /* LoginViewController.swift */ = {isa = PBXFileReference; lastKnownFileType = sourcecode.swift; path = LoginViewController.swift; sourceTree = "<group>"; };
		BABDA273245001A0002BC251 /* RegisterViewController.swift */ = {isa = PBXFileReference; lastKnownFileType = sourcecode.swift; path = RegisterViewController.swift; sourceTree = "<group>"; };
		BABDA2772450024F002BC251 /* ForgetPassScreenViewController.swift */ = {isa = PBXFileReference; lastKnownFileType = sourcecode.swift; path = ForgetPassScreenViewController.swift; sourceTree = "<group>"; };
		BABDA27924503ED8002BC251 /* CustomTabBarViewController.swift */ = {isa = PBXFileReference; lastKnownFileType = sourcecode.swift; path = CustomTabBarViewController.swift; sourceTree = "<group>"; };
		BABDA27B24503F5E002BC251 /* HomeViewController.swift */ = {isa = PBXFileReference; lastKnownFileType = sourcecode.swift; path = HomeViewController.swift; sourceTree = "<group>"; };
		BABDA27D24505EE0002BC251 /* ExpenseViewController.swift */ = {isa = PBXFileReference; lastKnownFileType = sourcecode.swift; path = ExpenseViewController.swift; sourceTree = "<group>"; };
		BABDA27F24505EEF002BC251 /* AboutViewController.swift */ = {isa = PBXFileReference; lastKnownFileType = sourcecode.swift; path = AboutViewController.swift; sourceTree = "<group>"; };
		BABDA281245068E5002BC251 /* BillCatCollectionViewCell.swift */ = {isa = PBXFileReference; lastKnownFileType = sourcecode.swift; path = BillCatCollectionViewCell.swift; sourceTree = "<group>"; };
		BABDA283245198DA002BC251 /* GoogleService-Info.plist */ = {isa = PBXFileReference; fileEncoding = 4; lastKnownFileType = text.plist.xml; path = "GoogleService-Info.plist"; sourceTree = "<group>"; };
		BABDA2852451A8B5002BC251 /* Constants.swift */ = {isa = PBXFileReference; lastKnownFileType = sourcecode.swift; path = Constants.swift; sourceTree = "<group>"; };
		BABDA28C2461B7C6002BC251 /* User.swift */ = {isa = PBXFileReference; lastKnownFileType = sourcecode.swift; path = User.swift; sourceTree = "<group>"; };
		BDB886932BC6D6C269CAB165 /* Pods-SmartBillManager.release.xcconfig */ = {isa = PBXFileReference; includeInIndex = 1; lastKnownFileType = text.xcconfig; name = "Pods-SmartBillManager.release.xcconfig"; path = "Target Support Files/Pods-SmartBillManager/Pods-SmartBillManager.release.xcconfig"; sourceTree = "<group>"; };
/* End PBXFileReference section */

/* Begin PBXFrameworksBuildPhase section */
		BABDA252244ED7B4002BC251 /* Frameworks */ = {
			isa = PBXFrameworksBuildPhase;
			buildActionMask = 2147483647;
			files = (
				C31C1FE92953F355551EA6F9 /* Pods_SmartBillManager.framework in Frameworks */,
			);
			runOnlyForDeploymentPostprocessing = 0;
		};
/* End PBXFrameworksBuildPhase section */

/* Begin PBXGroup section */
		5F4C0B5DD9DA3E01DC441BA1 /* Pods */ = {
			isa = PBXGroup;
			children = (
				32E7B2CDAFC18BAB4D9481CD /* Pods-SmartBillManager.debug.xcconfig */,
				BDB886932BC6D6C269CAB165 /* Pods-SmartBillManager.release.xcconfig */,
			);
			path = Pods;
			sourceTree = "<group>";
		};
		716B88000A93AFB50B8918C1 /* Frameworks */ = {
			isa = PBXGroup;
			children = (
				A9680067DFB15034A250E11A /* Pods_SmartBillManager.framework */,
			);
			name = Frameworks;
			sourceTree = "<group>";
		};
		BABDA24C244ED7B4002BC251 = {
			isa = PBXGroup;
			children = (
				BABDA257244ED7B4002BC251 /* SmartBillManager */,
				BABDA256244ED7B4002BC251 /* Products */,
				5F4C0B5DD9DA3E01DC441BA1 /* Pods */,
				716B88000A93AFB50B8918C1 /* Frameworks */,
			);
			sourceTree = "<group>";
		};
		BABDA256244ED7B4002BC251 /* Products */ = {
			isa = PBXGroup;
			children = (
				BABDA255244ED7B4002BC251 /* SmartBillManager.app */,
			);
			name = Products;
			sourceTree = "<group>";
		};
		BABDA257244ED7B4002BC251 /* SmartBillManager */ = {
			isa = PBXGroup;
			children = (
				BABDA28B2461B7B3002BC251 /* Models */,
				BABDA258244ED7B4002BC251 /* AppDelegate.swift */,
				BABDA25A244ED7B4002BC251 /* SceneDelegate.swift */,
				BABDA270244ED810002BC251 /* Controller */,
				BABDA26F244ED807002BC251 /* Views */,
				BABDA264244ED7B8002BC251 /* Assets.xcassets */,
				BABDA266244ED7B8002BC251 /* LaunchScreen.storyboard */,
				BABDA269244ED7B8002BC251 /* Info.plist */,
				BABDA261244ED7B4002BC251 /* SmartBillManager.xcdatamodeld */,
				BABDA283245198DA002BC251 /* GoogleService-Info.plist */,
				BABDA2852451A8B5002BC251 /* Constants.swift */,
			);
			path = SmartBillManager;
			sourceTree = "<group>";
		};
		BABDA26F244ED807002BC251 /* Views */ = {
			isa = PBXGroup;
			children = (
				BABDA25E244ED7B4002BC251 /* Main.storyboard */,
			);
			path = Views;
			sourceTree = "<group>";
		};
		BABDA270244ED810002BC251 /* Controller */ = {
			isa = PBXGroup;
			children = (
				BABDA2712450018C002BC251 /* LoginViewController.swift */,
				BABDA273245001A0002BC251 /* RegisterViewController.swift */,
				BABDA2772450024F002BC251 /* ForgetPassScreenViewController.swift */,
				BABDA27924503ED8002BC251 /* CustomTabBarViewController.swift */,
				BABDA27B24503F5E002BC251 /* HomeViewController.swift */,
				BABDA27D24505EE0002BC251 /* ExpenseViewController.swift */,
				BABDA27F24505EEF002BC251 /* AboutViewController.swift */,
				BABDA281245068E5002BC251 /* BillCatCollectionViewCell.swift */,
			);
			path = Controller;
			sourceTree = "<group>";
		};
		BABDA28B2461B7B3002BC251 /* Models */ = {
			isa = PBXGroup;
			children = (
				BABDA28C2461B7C6002BC251 /* User.swift */,
			);
			path = Models;
			sourceTree = "<group>";
		};
/* End PBXGroup section */

/* Begin PBXNativeTarget section */
		BABDA254244ED7B4002BC251 /* SmartBillManager */ = {
			isa = PBXNativeTarget;
			buildConfigurationList = BABDA26C244ED7B8002BC251 /* Build configuration list for PBXNativeTarget "SmartBillManager" */;
			buildPhases = (
				F0F907B2ACFBDA39F7A4D4BF /* [CP] Check Pods Manifest.lock */,
				BABDA251244ED7B4002BC251 /* Sources */,
				BABDA252244ED7B4002BC251 /* Frameworks */,
				BABDA253244ED7B4002BC251 /* Resources */,
				033F42F1B6E9B57A874CC870 /* [CP] Embed Pods Frameworks */,
			);
			buildRules = (
			);
			dependencies = (
			);
			name = SmartBillManager;
			productName = SmartBillManager;
			productReference = BABDA255244ED7B4002BC251 /* SmartBillManager.app */;
			productType = "com.apple.product-type.application";
		};
/* End PBXNativeTarget section */

/* Begin PBXProject section */
		BABDA24D244ED7B4002BC251 /* Project object */ = {
			isa = PBXProject;
			attributes = {
				LastSwiftUpdateCheck = 1140;
				LastUpgradeCheck = 1140;
				ORGANIZATIONNAME = "Hamza Azam";
				TargetAttributes = {
					BABDA254244ED7B4002BC251 = {
						CreatedOnToolsVersion = 11.4;
					};
				};
			};
			buildConfigurationList = BABDA250244ED7B4002BC251 /* Build configuration list for PBXProject "SmartBillManager" */;
			compatibilityVersion = "Xcode 9.3";
			developmentRegion = en;
			hasScannedForEncodings = 0;
			knownRegions = (
				en,
				Base,
			);
			mainGroup = BABDA24C244ED7B4002BC251;
			productRefGroup = BABDA256244ED7B4002BC251 /* Products */;
			projectDirPath = "";
			projectRoot = "";
			targets = (
				BABDA254244ED7B4002BC251 /* SmartBillManager */,
			);
		};
/* End PBXProject section */

/* Begin PBXResourcesBuildPhase section */
		BABDA253244ED7B4002BC251 /* Resources */ = {
			isa = PBXResourcesBuildPhase;
			buildActionMask = 2147483647;
			files = (
				BABDA268244ED7B8002BC251 /* LaunchScreen.storyboard in Resources */,
				BABDA284245198DA002BC251 /* GoogleService-Info.plist in Resources */,
				BABDA265244ED7B8002BC251 /* Assets.xcassets in Resources */,
				BABDA260244ED7B4002BC251 /* Main.storyboard in Resources */,
			);
			runOnlyForDeploymentPostprocessing = 0;
		};
/* End PBXResourcesBuildPhase section */

/* Begin PBXShellScriptBuildPhase section */
		033F42F1B6E9B57A874CC870 /* [CP] Embed Pods Frameworks */ = {
			isa = PBXShellScriptBuildPhase;
			buildActionMask = 2147483647;
			files = (
			);
			inputFileListPaths = (
				"${PODS_ROOT}/Target Support Files/Pods-SmartBillManager/Pods-SmartBillManager-frameworks-${CONFIGURATION}-input-files.xcfilelist",
			);
			name = "[CP] Embed Pods Frameworks";
			outputFileListPaths = (
				"${PODS_ROOT}/Target Support Files/Pods-SmartBillManager/Pods-SmartBillManager-frameworks-${CONFIGURATION}-output-files.xcfilelist",
			);
			runOnlyForDeploymentPostprocessing = 0;
			shellPath = /bin/sh;
			shellScript = "\"${PODS_ROOT}/Target Support Files/Pods-SmartBillManager/Pods-SmartBillManager-frameworks.sh\"\n";
			showEnvVarsInLog = 0;
		};
		F0F907B2ACFBDA39F7A4D4BF /* [CP] Check Pods Manifest.lock */ = {
			isa = PBXShellScriptBuildPhase;
			buildActionMask = 2147483647;
			files = (
			);
			inputFileListPaths = (
			);
			inputPaths = (
				"${PODS_PODFILE_DIR_PATH}/Podfile.lock",
				"${PODS_ROOT}/Manifest.lock",
			);
			name = "[CP] Check Pods Manifest.lock";
			outputFileListPaths = (
			);
			outputPaths = (
				"$(DERIVED_FILE_DIR)/Pods-SmartBillManager-checkManifestLockResult.txt",
			);
			runOnlyForDeploymentPostprocessing = 0;
			shellPath = /bin/sh;
			shellScript = "diff \"${PODS_PODFILE_DIR_PATH}/Podfile.lock\" \"${PODS_ROOT}/Manifest.lock\" > /dev/null\nif [ $? != 0 ] ; then\n    # print error to STDERR\n    echo \"error: The sandbox is not in sync with the Podfile.lock. Run 'pod install' or update your CocoaPods installation.\" >&2\n    exit 1\nfi\n# This output is used by Xcode 'outputs' to avoid re-running this script phase.\necho \"SUCCESS\" > \"${SCRIPT_OUTPUT_FILE_0}\"\n";
			showEnvVarsInLog = 0;
		};
/* End PBXShellScriptBuildPhase section */

/* Begin PBXSourcesBuildPhase section */
		BABDA251244ED7B4002BC251 /* Sources */ = {
			isa = PBXSourcesBuildPhase;
			buildActionMask = 2147483647;
			files = (
				BABDA28D2461B7C6002BC251 /* User.swift in Sources */,
				BABDA259244ED7B4002BC251 /* AppDelegate.swift in Sources */,
				BABDA263244ED7B4002BC251 /* SmartBillManager.xcdatamodeld in Sources */,
				BABDA27E24505EE0002BC251 /* ExpenseViewController.swift in Sources */,
				BABDA274245001A0002BC251 /* RegisterViewController.swift in Sources */,
				BABDA27C24503F5E002BC251 /* HomeViewController.swift in Sources */,
				BABDA282245068E5002BC251 /* BillCatCollectionViewCell.swift in Sources */,
				BABDA2782450024F002BC251 /* ForgetPassScreenViewController.swift in Sources */,
				BABDA27A24503ED8002BC251 /* CustomTabBarViewController.swift in Sources */,
				BABDA2722450018C002BC251 /* LoginViewController.swift in Sources */,
				BABDA28024505EEF002BC251 /* AboutViewController.swift in Sources */,
				BABDA25B244ED7B4002BC251 /* SceneDelegate.swift in Sources */,
				BABDA2862451A8B5002BC251 /* Constants.swift in Sources */,
			);
			runOnlyForDeploymentPostprocessing = 0;
		};
/* End PBXSourcesBuildPhase section */

/* Begin PBXVariantGroup section */
		BABDA25E244ED7B4002BC251 /* Main.storyboard */ = {
			isa = PBXVariantGroup;
			children = (
				BABDA25F244ED7B4002BC251 /* Base */,
			);
			name = Main.storyboard;
			sourceTree = "<group>";
		};
		BABDA266244ED7B8002BC251 /* LaunchScreen.storyboard */ = {
			isa = PBXVariantGroup;
			children = (
				BABDA267244ED7B8002BC251 /* Base */,
			);
			name = LaunchScreen.storyboard;
			sourceTree = "<group>";
		};
/* End PBXVariantGroup section */

/* Begin XCBuildConfiguration section */
		BABDA26A244ED7B8002BC251 /* Debug */ = {
			isa = XCBuildConfiguration;
			buildSettings = {
				ALWAYS_SEARCH_USER_PATHS = NO;
				CLANG_ANALYZER_NONNULL = YES;
				CLANG_ANALYZER_NUMBER_OBJECT_CONVERSION = YES_AGGRESSIVE;
				CLANG_CXX_LANGUAGE_STANDARD = "gnu++14";
				CLANG_CXX_LIBRARY = "libc++";
				CLANG_ENABLE_MODULES = YES;
				CLANG_ENABLE_OBJC_ARC = YES;
				CLANG_ENABLE_OBJC_WEAK = YES;
				CLANG_WARN_BLOCK_CAPTURE_AUTORELEASING = YES;
				CLANG_WARN_BOOL_CONVERSION = YES;
				CLANG_WARN_COMMA = YES;
				CLANG_WARN_CONSTANT_CONVERSION = YES;
				CLANG_WARN_DEPRECATED_OBJC_IMPLEMENTATIONS = YES;
				CLANG_WARN_DIRECT_OBJC_ISA_USAGE = YES_ERROR;
				CLANG_WARN_DOCUMENTATION_COMMENTS = YES;
				CLANG_WARN_EMPTY_BODY = YES;
				CLANG_WARN_ENUM_CONVERSION = YES;
				CLANG_WARN_INFINITE_RECURSION = YES;
				CLANG_WARN_INT_CONVERSION = YES;
				CLANG_WARN_NON_LITERAL_NULL_CONVERSION = YES;
				CLANG_WARN_OBJC_IMPLICIT_RETAIN_SELF = YES;
				CLANG_WARN_OBJC_LITERAL_CONVERSION = YES;
				CLANG_WARN_OBJC_ROOT_CLASS = YES_ERROR;
				CLANG_WARN_RANGE_LOOP_ANALYSIS = YES;
				CLANG_WARN_STRICT_PROTOTYPES = YES;
				CLANG_WARN_SUSPICIOUS_MOVE = YES;
				CLANG_WARN_UNGUARDED_AVAILABILITY = YES_AGGRESSIVE;
				CLANG_WARN_UNREACHABLE_CODE = YES;
				CLANG_WARN__DUPLICATE_METHOD_MATCH = YES;
				COPY_PHASE_STRIP = NO;
				DEBUG_INFORMATION_FORMAT = dwarf;
				ENABLE_STRICT_OBJC_MSGSEND = YES;
				ENABLE_TESTABILITY = YES;
				GCC_C_LANGUAGE_STANDARD = gnu11;
				GCC_DYNAMIC_NO_PIC = NO;
				GCC_NO_COMMON_BLOCKS = YES;
				GCC_OPTIMIZATION_LEVEL = 0;
				GCC_PREPROCESSOR_DEFINITIONS = (
					"DEBUG=1",
					"$(inherited)",
				);
				GCC_WARN_64_TO_32_BIT_CONVERSION = YES;
				GCC_WARN_ABOUT_RETURN_TYPE = YES_ERROR;
				GCC_WARN_UNDECLARED_SELECTOR = YES;
				GCC_WARN_UNINITIALIZED_AUTOS = YES_AGGRESSIVE;
				GCC_WARN_UNUSED_FUNCTION = YES;
				GCC_WARN_UNUSED_VARIABLE = YES;
				IPHONEOS_DEPLOYMENT_TARGET = 13.4;
				MTL_ENABLE_DEBUG_INFO = INCLUDE_SOURCE;
				MTL_FAST_MATH = YES;
				ONLY_ACTIVE_ARCH = YES;
				SDKROOT = iphoneos;
				SWIFT_ACTIVE_COMPILATION_CONDITIONS = DEBUG;
				SWIFT_OPTIMIZATION_LEVEL = "-Onone";
			};
			name = Debug;
		};
		BABDA26B244ED7B8002BC251 /* Release */ = {
			isa = XCBuildConfiguration;
			buildSettings = {
				ALWAYS_SEARCH_USER_PATHS = NO;
				CLANG_ANALYZER_NONNULL = YES;
				CLANG_ANALYZER_NUMBER_OBJECT_CONVERSION = YES_AGGRESSIVE;
				CLANG_CXX_LANGUAGE_STANDARD = "gnu++14";
				CLANG_CXX_LIBRARY = "libc++";
				CLANG_ENABLE_MODULES = YES;
				CLANG_ENABLE_OBJC_ARC = YES;
				CLANG_ENABLE_OBJC_WEAK = YES;
				CLANG_WARN_BLOCK_CAPTURE_AUTORELEASING = YES;
				CLANG_WARN_BOOL_CONVERSION = YES;
				CLANG_WARN_COMMA = YES;
				CLANG_WARN_CONSTANT_CONVERSION = YES;
				CLANG_WARN_DEPRECATED_OBJC_IMPLEMENTATIONS = YES;
				CLANG_WARN_DIRECT_OBJC_ISA_USAGE = YES_ERROR;
				CLANG_WARN_DOCUMENTATION_COMMENTS = YES;
				CLANG_WARN_EMPTY_BODY = YES;
				CLANG_WARN_ENUM_CONVERSION = YES;
				CLANG_WARN_INFINITE_RECURSION = YES;
				CLANG_WARN_INT_CONVERSION = YES;
				CLANG_WARN_NON_LITERAL_NULL_CONVERSION = YES;
				CLANG_WARN_OBJC_IMPLICIT_RETAIN_SELF = YES;
				CLANG_WARN_OBJC_LITERAL_CONVERSION = YES;
				CLANG_WARN_OBJC_ROOT_CLASS = YES_ERROR;
				CLANG_WARN_RANGE_LOOP_ANALYSIS = YES;
				CLANG_WARN_STRICT_PROTOTYPES = YES;
				CLANG_WARN_SUSPICIOUS_MOVE = YES;
				CLANG_WARN_UNGUARDED_AVAILABILITY = YES_AGGRESSIVE;
				CLANG_WARN_UNREACHABLE_CODE = YES;
				CLANG_WARN__DUPLICATE_METHOD_MATCH = YES;
				COPY_PHASE_STRIP = NO;
				DEBUG_INFORMATION_FORMAT = "dwarf-with-dsym";
				ENABLE_NS_ASSERTIONS = NO;
				ENABLE_STRICT_OBJC_MSGSEND = YES;
				GCC_C_LANGUAGE_STANDARD = gnu11;
				GCC_NO_COMMON_BLOCKS = YES;
				GCC_WARN_64_TO_32_BIT_CONVERSION = YES;
				GCC_WARN_ABOUT_RETURN_TYPE = YES_ERROR;
				GCC_WARN_UNDECLARED_SELECTOR = YES;
				GCC_WARN_UNINITIALIZED_AUTOS = YES_AGGRESSIVE;
				GCC_WARN_UNUSED_FUNCTION = YES;
				GCC_WARN_UNUSED_VARIABLE = YES;
				IPHONEOS_DEPLOYMENT_TARGET = 13.4;
				MTL_ENABLE_DEBUG_INFO = NO;
				MTL_FAST_MATH = YES;
				SDKROOT = iphoneos;
				SWIFT_COMPILATION_MODE = wholemodule;
				SWIFT_OPTIMIZATION_LEVEL = "-O";
				VALIDATE_PRODUCT = YES;
			};
			name = Release;
		};
		BABDA26D244ED7B8002BC251 /* Debug */ = {
			isa = XCBuildConfiguration;
			baseConfigurationReference = 32E7B2CDAFC18BAB4D9481CD /* Pods-SmartBillManager.debug.xcconfig */;
			buildSettings = {
				ASSETCATALOG_COMPILER_APPICON_NAME = AppIcon;
				CODE_SIGN_STYLE = Automatic;
				INFOPLIST_FILE = SmartBillManager/Info.plist;
				LD_RUNPATH_SEARCH_PATHS = (
					"$(inherited)",
					"@executable_path/Frameworks",
				);
				PRODUCT_BUNDLE_IDENTIFIER = com.nuces.fast.ios.billman.SmartBillManager;
				PRODUCT_NAME = "$(TARGET_NAME)";
				SWIFT_VERSION = 5.0;
				TARGETED_DEVICE_FAMILY = "1,2";
			};
			name = Debug;
		};
		BABDA26E244ED7B8002BC251 /* Release */ = {
			isa = XCBuildConfiguration;
			baseConfigurationReference = BDB886932BC6D6C269CAB165 /* Pods-SmartBillManager.release.xcconfig */;
			buildSettings = {
				ASSETCATALOG_COMPILER_APPICON_NAME = AppIcon;
				CODE_SIGN_STYLE = Automatic;
				INFOPLIST_FILE = SmartBillManager/Info.plist;
				LD_RUNPATH_SEARCH_PATHS = (
					"$(inherited)",
					"@executable_path/Frameworks",
				);
				PRODUCT_BUNDLE_IDENTIFIER = com.nuces.fast.ios.billman.SmartBillManager;
				PRODUCT_NAME = "$(TARGET_NAME)";
				SWIFT_VERSION = 5.0;
				TARGETED_DEVICE_FAMILY = "1,2";
			};
			name = Release;
		};
/* End XCBuildConfiguration section */

/* Begin XCConfigurationList section */
		BABDA250244ED7B4002BC251 /* Build configuration list for PBXProject "SmartBillManager" */ = {
			isa = XCConfigurationList;
			buildConfigurations = (
				BABDA26A244ED7B8002BC251 /* Debug */,
				BABDA26B244ED7B8002BC251 /* Release */,
			);
			defaultConfigurationIsVisible = 0;
			defaultConfigurationName = Release;
		};
		BABDA26C244ED7B8002BC251 /* Build configuration list for PBXNativeTarget "SmartBillManager" */ = {
			isa = XCConfigurationList;
			buildConfigurations = (
				BABDA26D244ED7B8002BC251 /* Debug */,
				BABDA26E244ED7B8002BC251 /* Release */,
			);
			defaultConfigurationIsVisible = 0;
			defaultConfigurationName = Release;
		};
/* End XCConfigurationList section */

/* Begin XCVersionGroup section */
		BABDA261244ED7B4002BC251 /* SmartBillManager.xcdatamodeld */ = {
			isa = XCVersionGroup;
			children = (
				BABDA262244ED7B4002BC251 /* SmartBillManager.xcdatamodel */,
			);
			currentVersion = BABDA262244ED7B4002BC251 /* SmartBillManager.xcdatamodel */;
			path = SmartBillManager.xcdatamodeld;
			sourceTree = "<group>";
			versionGroupType = wrapper.xcdatamodel;
		};
/* End XCVersionGroup section */
	};
	rootObject = BABDA24D244ED7B4002BC251 /* Project object */;
}
